{
  "name": "casper-skeleton.docpad",
  "version": "0.1.0",
  "lockfileVersion": 1,
  "dependencies": {
    "accepts": {
      "version": "https://registry.npmjs.org/accepts/-/accepts-1.2.13.tgz",
      "integrity": "sha1-5fHzkoxtlf2WVYw27D2dDeSm7Oo="
    },
    "ambi": {
      "version": "https://registry.npmjs.org/ambi/-/ambi-2.4.0.tgz",
      "integrity": "sha1-IYDF1ktblJomnDKCSirFRacdMEk=",
      "dependencies": {
        "typechecker": {
          "version": "https://registry.npmjs.org/typechecker/-/typechecker-4.0.1.tgz",
          "integrity": "sha1-FPtiYSlcO24VJyaJJiAqiEyD0c8="
        }
      }
    },
    "ansicolors": {
      "version": "https://registry.npmjs.org/ansicolors/-/ansicolors-0.3.2.tgz",
      "integrity": "sha1-ZlWX3oap/+Oqm/vmyuXG6kJrSXk=",
      "optional": true
    },
    "ansistyles": {
      "version": "https://registry.npmjs.org/ansistyles/-/ansistyles-0.1.3.tgz",
      "integrity": "sha1-XeYEFb2gcbs3EnhUyGT0GyMlRTk=",
      "optional": true
    },
    "argparse": {
      "version": "https://registry.npmjs.org/argparse/-/argparse-0.1.16.tgz",
      "integrity": "sha1-z9AeD7uj1srtBJ+9dY1A9lGW9Xw=",
      "dependencies": {
        "underscore": {
          "version": "https://registry.npmjs.org/underscore/-/underscore-1.7.0.tgz",
          "integrity": "sha1-a7rwh3UA02vjTsqlhODbn+8DUgk="
        }
      }
    },
    "async": {
      "version": "https://registry.npmjs.org/async/-/async-0.9.2.tgz",
      "integrity": "sha1-rqdNXmHB+JlhO/ZL2mbUx48v0X0="
    },
    "backbone": {
      "version": "https://registry.npmjs.org/backbone/-/backbone-1.2.3.tgz",
      "integrity": "sha1-wiz9B/yG676uYdGJKe0RXpmdZbk="
    },
    "bal-util": {
      "version": "https://registry.npmjs.org/bal-util/-/bal-util-2.5.1.tgz",
      "integrity": "sha1-m3ammwG8GquB4NkXuuIhbxYtjXI=",
      "dependencies": {
        "extract-opts": {
          "version": "https://registry.npmjs.org/extract-opts/-/extract-opts-2.2.0.tgz",
          "integrity": "sha1-H6KOunNSxttID4hc63GkaBC+bX0=",
          "dependencies": {
            "typechecker": {
              "version": "https://registry.npmjs.org/typechecker/-/typechecker-2.0.8.tgz",
              "integrity": "sha1-6D2oS7ZMWEzLNFg4V2xAsDN9uC4="
            }
          }
        }
      }
    },
    "balanced-match": {
      "version": "https://registry.npmjs.org/balanced-match/-/balanced-match-0.3.0.tgz",
      "integrity": "sha1-qRzdHr7xqGZZ5w/03vAWJfwtZ1Y="
    },
    "base64-url": {
      "version": "https://registry.npmjs.org/base64-url/-/base64-url-1.2.1.tgz",
      "integrity": "sha1-GZ/WYXAqDnt9yubgaYuwicUvbXg="
    },
    "basic-auth": {
      "version": "https://registry.npmjs.org/basic-auth/-/basic-auth-1.0.3.tgz",
      "integrity": "sha1-QfVVI+WJQFA47jVnlYxipe1wVRo="
    },
    "basic-auth-connect": {
      "version": "https://registry.npmjs.org/basic-auth-connect/-/basic-auth-connect-1.0.0.tgz",
      "integrity": "sha1-/bC0OWLKe0BFanwrtI/hc9otISI="
    },
    "batch": {
      "version": "https://registry.npmjs.org/batch/-/batch-0.5.2.tgz",
      "integrity": "sha1-VGVD2+MhGMg8fHyjOh9cXV6pY+k="
    },
    "binaryextensions": {
      "version": "https://registry.npmjs.org/binaryextensions/-/binaryextensions-1.0.0.tgz",
      "integrity": "sha1-tRTeM+Dne8J8I193our74fltA1c="
    },
    "body-parser": {
      "version": "https://registry.npmjs.org/body-parser/-/body-parser-1.13.3.tgz",
      "integrity": "sha1-wIzzMMM1jhUQFqBXRvE/ApyX+pc=",
      "dependencies": {
        "iconv-lite": {
          "version": "https://registry.npmjs.org/iconv-lite/-/iconv-lite-0.4.11.tgz",
          "integrity": "sha1-LstC/SlHRJIiCaLnxATayHk9it4="
        }
      }
    },
    "brace-expansion": {
      "version": "https://registry.npmjs.org/brace-expansion/-/brace-expansion-1.1.2.tgz",
      "integrity": "sha1-8hRF0EiLZY4nce/YcO/1HfKfBO8="
    },
    "bytes": {
      "version": "https://registry.npmjs.org/bytes/-/bytes-2.1.0.tgz",
      "integrity": "sha1-rJPEEOL/ycx89LRks4KJBn9eR7Q="
    },
    "caterpillar": {
      "version": "https://registry.npmjs.org/caterpillar/-/caterpillar-2.0.9.tgz",
      "integrity": "sha1-OVj36lU9OPz0iY12RYbfe8Eyvp4="
    },
    "caterpillar-filter": {
      "version": "https://registry.npmjs.org/caterpillar-filter/-/caterpillar-filter-2.0.3.tgz",
      "integrity": "sha1-8/w14/VQjqII+XrVSpvBXqbWbyk="
    },
    "caterpillar-human": {
      "version": "https://registry.npmjs.org/caterpillar-human/-/caterpillar-human-2.1.2.tgz",
      "integrity": "sha1-IzCN3GqAG+mKdRsj5p9ghp17hgM="
    },
    "coffee-script": {
      "version": "https://registry.npmjs.org/coffee-script/-/coffee-script-1.10.0.tgz",
      "integrity": "sha1-EpOLz5vhlI+gBvkuDEyegXBRCMA="
    },
    "combined-stream": {
      "version": "https://registry.npmjs.org/combined-stream/-/combined-stream-0.0.7.tgz",
      "integrity": "sha1-ATfmV7qlp1QcV6w3rF/AfXO03B8="
    },
    "commander": {
      "version": "https://registry.npmjs.org/commander/-/commander-2.9.0.tgz",
      "integrity": "sha1-nJkJQXbhIkDLItbFFGCYQA/g99Q="
    },
    "component-emitter": {
      "version": "https://registry.npmjs.org/component-emitter/-/component-emitter-1.1.2.tgz",
      "integrity": "sha1-KWWU8nU9qmOZbSrwjRWpURbJrsM="
    },
    "compressible": {
      "version": "https://registry.npmjs.org/compressible/-/compressible-2.0.6.tgz",
      "integrity": "sha1-nkqpMh/8+cxNgZVPeq+p81dn1eo="
    },
    "compression": {
      "version": "https://registry.npmjs.org/compression/-/compression-1.5.2.tgz",
      "integrity": "sha1-sDuNhub4rSloPLqN+R3cb/x3s5U="
    },
    "concat-map": {
      "version": "https://registry.npmjs.org/concat-map/-/concat-map-0.0.1.tgz",
      "integrity": "sha1-2Klr13/Wjfd5OnMDajug1UBdR3s="
    },
    "connect": {
      "version": "https://registry.npmjs.org/connect/-/connect-2.30.2.tgz",
      "integrity": "sha1-jam8vooFTT0xjXTf7JA7XDmhtgk="
    },
    "connect-timeout": {
      "version": "https://registry.npmjs.org/connect-timeout/-/connect-timeout-1.6.2.tgz",
      "integrity": "sha1-3ppexh4zoStu2qt7XwYumMWZuI4="
    },
    "content-disposition": {
      "version": "https://registry.npmjs.org/content-disposition/-/content-disposition-0.5.0.tgz",
      "integrity": "sha1-QoT+auBjCHRjnkToCkGMKTQTXp4="
    },
    "content-type": {
      "version": "https://registry.npmjs.org/content-type/-/content-type-1.0.1.tgz",
      "integrity": "sha1-oZ0iRzJ9wDgFDOYit6FU7FnF5gA="
    },
    "cookie": {
      "version": "https://registry.npmjs.org/cookie/-/cookie-0.1.3.tgz",
      "integrity": "sha1-5zSlwUF/zkctWu+Cw4HKu2TRpDU="
    },
    "cookie-parser": {
      "version": "https://registry.npmjs.org/cookie-parser/-/cookie-parser-1.3.5.tgz",
      "integrity": "sha1-nXVVcPtdF4kHcSJ6AjFNm+fPg1Y="
    },
    "cookie-signature": {
      "version": "https://registry.npmjs.org/cookie-signature/-/cookie-signature-1.0.6.tgz",
      "integrity": "sha1-4wOogrNCzD7oylE6eZmXNNqzriw="
    },
    "cookiejar": {
      "version": "https://registry.npmjs.org/cookiejar/-/cookiejar-2.0.6.tgz",
      "integrity": "sha1-Cr81atANHFohnYjURRgEbdAmrP4="
    },
    "core-util-is": {
      "version": "https://registry.npmjs.org/core-util-is/-/core-util-is-1.0.2.tgz",
      "integrity": "sha1-tf1UIgqivFq1eqtxQMlAdUUDwac="
    },
    "crc": {
      "version": "https://registry.npmjs.org/crc/-/crc-3.3.0.tgz",
      "integrity": "sha1-+mIuG8OIvyVzCQgta2UgDOZwkLo="
    },
    "csextends": {
      "version": "https://registry.npmjs.org/csextends/-/csextends-1.0.3.tgz",
      "integrity": "sha1-30FAe/3bGDfswt0oWHcl1q+VUPg="
    },
    "cson": {
      "version": "https://registry.npmjs.org/cson/-/cson-3.0.2.tgz",
      "integrity": "sha1-g+6Qids8JUvsHpjkmNmqzxGtzFQ=",
      "dependencies": {
        "safefs": {
          "version": "https://registry.npmjs.org/safefs/-/safefs-4.0.1.tgz",
          "integrity": "sha1-nDDIZ2lRbk9jOU+B2ELx5TeniTM="
        }
      }
    },
    "cson-parser": {
      "version": "https://registry.npmjs.org/cson-parser/-/cson-parser-1.3.0.tgz",
      "integrity": "sha1-pOLJo4/TWtZI/xEIyn49kg6OEpQ="
    },
    "csrf": {
      "version": "https://registry.npmjs.org/csrf/-/csrf-3.0.0.tgz",
      "integrity": "sha1-Sk0008H4vvnZtMWWon79YNky2Do="
    },
    "csurf": {
      "version": "https://registry.npmjs.org/csurf/-/csurf-1.8.3.tgz",
      "integrity": "sha1-I/KhO/HY/OHQyZZYg5RELLqGpWo="
    },
    "debug": {
      "version": "https://registry.npmjs.org/debug/-/debug-2.2.0.tgz",
      "integrity": "sha1-+HBX6ZWxofauaklgZkE3vFbwOdo="
    },
    "delayed-stream": {
      "version": "https://registry.npmjs.org/delayed-stream/-/delayed-stream-0.0.5.tgz",
      "integrity": "sha1-1LH0OpPoKW3+AmlPRoC8N6MTxz8="
    },
    "depd": {
      "version": "https://registry.npmjs.org/depd/-/depd-1.0.1.tgz",
      "integrity": "sha1-gK7GTJ1tl+ZcwqnKqTwKpqv3Oqo="
    },
    "destroy": {
      "version": "https://registry.npmjs.org/destroy/-/destroy-1.0.3.tgz",
      "integrity": "sha1-tDO0ck5x/YVR2YhRdIUcX8N34sk="
    },
    "docpad": {
      "version": "6.79.4",
      "resolved": "https://registry.npmjs.org/docpad/-/docpad-6.79.4.tgz",
      "integrity": "sha1-goysmMHnLbuVZKsOqhPJmm9ePds="
    },
    "docpad-plugin-cleanurls": {
      "version": "2.10.0",
      "resolved": "https://registry.npmjs.org/docpad-plugin-cleanurls/-/docpad-plugin-cleanurls-2.10.0.tgz",
      "integrity": "sha1-UzJx9AO+FzVruLR1YIM2PZYSRLk=",
      "dependencies": {
        "ambi": {
          "version": "2.5.0",
          "resolved": "https://registry.npmjs.org/ambi/-/ambi-2.5.0.tgz",
          "integrity": "sha1-fI43K+SIkRV+fOoBy2+RQ9H3QiA="
        },
        "eachr": {
          "version": "3.2.0",
          "resolved": "https://registry.npmjs.org/eachr/-/eachr-3.2.0.tgz",
          "integrity": "sha1-LDXkPqCGUW95l8+At6pk1VpKRIQ="
        },
        "extendr": {
          "version": "3.2.2",
          "resolved": "https://registry.npmjs.org/extendr/-/extendr-3.2.2.tgz",
          "integrity": "sha1-xuRv5tkLLj6IEqZlS9YYLL+RzQY="
        },
        "graceful-fs": {
          "version": "4.1.11",
          "resolved": "https://registry.npmjs.org/graceful-fs/-/graceful-fs-4.1.11.tgz",
          "integrity": "sha1-Dovf5NHduIVNZOBOp8AOKgJuVlg="
        },
        "safefs": {
          "version": "4.1.0",
          "resolved": "https://registry.npmjs.org/safefs/-/safefs-4.1.0.tgz",
          "integrity": "sha1-+CrrS9165R9lPrIPZyizBYyNZEU="
        },
        "taskgroup": {
          "version": "5.0.1",
          "resolved": "https://registry.npmjs.org/taskgroup/-/taskgroup-5.0.1.tgz",
          "integrity": "sha1-CHNsmyRoOxQ0d0Ix60tzqnw/ebU="
        },
        "typechecker": {
          "version": "4.4.1",
          "resolved": "https://registry.npmjs.org/typechecker/-/typechecker-4.4.1.tgz",
          "integrity": "sha1-+XuV9RsDhBchLWd9RaNz7nvO1+Y="
        }
      }
    },
    "docpad-plugin-dateurls": {
      "version": "2.4.0",
      "resolved": "https://registry.npmjs.org/docpad-plugin-dateurls/-/docpad-plugin-dateurls-2.4.0.tgz",
      "integrity": "sha1-Pzv/4U+ejPSIaecfaSQ9RyuBUHg="
    },
    "docpad-plugin-eco": {
      "version": "2.2.1",
      "resolved": "https://registry.npmjs.org/docpad-plugin-eco/-/docpad-plugin-eco-2.2.1.tgz",
      "integrity": "sha1-PgVLbJWvOr5MShER0tv6C7xV1BQ="
    },
    "docpad-plugin-marked": {
      "version": "2.4.0",
      "resolved": "https://registry.npmjs.org/docpad-plugin-marked/-/docpad-plugin-marked-2.4.0.tgz",
      "integrity": "sha1-rWeeN8Svew+7fQMF72lR6rABujo="
    },
    "docpad-plugin-paged": {
      "version": "2.5.0",
      "resolved": "https://registry.npmjs.org/docpad-plugin-paged/-/docpad-plugin-paged-2.5.0.tgz",
      "integrity": "sha1-uOhbM8h2I+h1HX5+lCdPRowImfw=",
      "dependencies": {
        "ambi": {
          "version": "2.2.0",
          "resolved": "https://registry.npmjs.org/ambi/-/ambi-2.2.0.tgz",
          "integrity": "sha1-L0O5EvujbJKIAvoiOilv/9b0Rm4="
        },
        "taskgroup": {
          "version": "4.2.1",
          "resolved": "https://registry.npmjs.org/taskgroup/-/taskgroup-4.2.1.tgz",
          "integrity": "sha1-K0xvnZwWoQ1Imzf2wpfeQqYvzj8="
        },
        "typechecker": {
          "version": "2.0.8",
          "resolved": "https://registry.npmjs.org/typechecker/-/typechecker-2.0.8.tgz",
          "integrity": "sha1-6D2oS7ZMWEzLNFg4V2xAsDN9uC4="
        }
      }
    },
    "docpad-plugin-partials": {
      "version": "2.11.0",
      "resolved": "https://registry.npmjs.org/docpad-plugin-partials/-/docpad-plugin-partials-2.11.0.tgz",
      "integrity": "sha1-H2QeFVCrpye0coxCuWSDIIfSZa8=",
      "dependencies": {
        "ambi": {
          "version": "2.5.0",
          "resolved": "https://registry.npmjs.org/ambi/-/ambi-2.5.0.tgz",
          "integrity": "sha1-fI43K+SIkRV+fOoBy2+RQ9H3QiA="
        },
        "eachr": {
          "version": "3.2.0",
          "resolved": "https://registry.npmjs.org/eachr/-/eachr-3.2.0.tgz",
          "integrity": "sha1-LDXkPqCGUW95l8+At6pk1VpKRIQ="
        },
        "extendr": {
          "version": "3.2.2",
          "resolved": "https://registry.npmjs.org/extendr/-/extendr-3.2.2.tgz",
          "integrity": "sha1-xuRv5tkLLj6IEqZlS9YYLL+RzQY="
        },
        "taskgroup": {
          "version": "5.0.1",
          "resolved": "https://registry.npmjs.org/taskgroup/-/taskgroup-5.0.1.tgz",
          "integrity": "sha1-CHNsmyRoOxQ0d0Ix60tzqnw/ebU="
        },
        "typechecker": {
          "version": "4.4.1",
          "resolved": "https://registry.npmjs.org/typechecker/-/typechecker-4.4.1.tgz",
          "integrity": "sha1-+XuV9RsDhBchLWd9RaNz7nvO1+Y="
        }
      }
    },
    "docpad-plugin-rss": {
      "version": "2.3.1",
      "resolved": "https://registry.npmjs.org/docpad-plugin-rss/-/docpad-plugin-rss-2.3.1.tgz",
      "integrity": "sha1-T1gVEGRdj5KJn/NqFWXTJTj1b/E="
    },
    "docpad-plugin-sitemap": {
      "version": "2.4.0",
      "resolved": "https://registry.npmjs.org/docpad-plugin-sitemap/-/docpad-plugin-sitemap-2.4.0.tgz",
      "integrity": "sha1-CnBRzRh6lIWX19DSew/KsxM3pHE=",
      "dependencies": {
        "extendr": {
          "version": "3.2.2",
          "resolved": "https://registry.npmjs.org/extendr/-/extendr-3.2.2.tgz",
          "integrity": "sha1-xuRv5tkLLj6IEqZlS9YYLL+RzQY="
        },
        "graceful-fs": {
          "version": "4.1.11",
          "resolved": "https://registry.npmjs.org/graceful-fs/-/graceful-fs-4.1.11.tgz",
          "integrity": "sha1-Dovf5NHduIVNZOBOp8AOKgJuVlg="
        },
        "safefs": {
          "version": "4.1.0",
          "resolved": "https://registry.npmjs.org/safefs/-/safefs-4.1.0.tgz",
          "integrity": "sha1-+CrrS9165R9lPrIPZyizBYyNZEU="
        },
        "sitemap": {
          "version": "1.12.1",
          "resolved": "https://registry.npmjs.org/sitemap/-/sitemap-1.12.1.tgz",
          "integrity": "sha1-pJHjmrUkeTiTo4JB5/pl3C27QFk="
        },
        "typechecker": {
          "version": "4.4.1",
          "resolved": "https://registry.npmjs.org/typechecker/-/typechecker-4.4.1.tgz",
          "integrity": "sha1-+XuV9RsDhBchLWd9RaNz7nvO1+Y="
        }
      }
    },
    "docpad-plugin-sunny": {
      "version": "2.1.0",
      "resolved": "https://registry.npmjs.org/docpad-plugin-sunny/-/docpad-plugin-sunny-2.1.0.tgz",
      "integrity": "sha1-m3Jk9nxijyro9sDPpwS9RCKhm7s=",
      "dependencies": {
        "ambi": {
          "version": "2.1.6",
          "resolved": "https://registry.npmjs.org/ambi/-/ambi-2.1.6.tgz",
          "integrity": "sha1-UPnNQOqkPhH/ZTmKmwvpdQJ6xXw="
        },
        "mime": {
          "version": "1.2.11",
          "resolved": "https://registry.npmjs.org/mime/-/mime-1.2.11.tgz",
          "integrity": "sha1-WCA+7Ybjpe8XrtK32evUfwpg3RA="
        },
        "taskgroup": {
          "version": "3.2.4",
          "resolved": "https://registry.npmjs.org/taskgroup/-/taskgroup-3.2.4.tgz",
          "integrity": "sha1-S3eD0cgvprTzHeOuo6HTsdiquYk="
        },
        "typechecker": {
          "version": "2.0.8",
          "resolved": "https://registry.npmjs.org/typechecker/-/typechecker-2.0.8.tgz",
          "integrity": "sha1-6D2oS7ZMWEzLNFg4V2xAsDN9uC4="
        }
      }
    },
    "docpad-plugin-tags": {
      "version": "2.1.0",
      "resolved": "https://registry.npmjs.org/docpad-plugin-tags/-/docpad-plugin-tags-2.1.0.tgz",
      "integrity": "sha1-1QkFqdMTuFo35V5Mr8vCd7IvAPE="
    },
    "eachr": {
      "version": "https://registry.npmjs.org/eachr/-/eachr-2.0.4.tgz",
      "integrity": "sha1-Rm98qhBwj2EFCeMsgHqv5X/BIr8="
    },
    "eco": {
      "version": "https://registry.npmjs.org/eco/-/eco-1.1.0-rc-3.tgz",
      "integrity": "sha1-dCoyxGFa9wWrPppGts5cFtvFcmI="
    },
    "editions": {
      "version": "1.3.3",
      "resolved": "https://registry.npmjs.org/editions/-/editions-1.3.3.tgz",
      "integrity": "sha1-CQcQG92iD6w8vjNMJ8vQaI3Jmls="
    },
    "ee-first": {
      "version": "https://registry.npmjs.org/ee-first/-/ee-first-1.1.1.tgz",
      "integrity": "sha1-WQxhFWsK4vTwJVcyoViyZrxWsh0="
    },
    "encoding": {
      "version": "https://registry.npmjs.org/encoding/-/encoding-0.1.12.tgz",
      "integrity": "sha1-U4tm8+5izRq1HsMjgp0flIDHS+s="
    },
    "envfile": {
      "version": "https://registry.npmjs.org/envfile/-/envfile-1.0.0.tgz",
      "integrity": "sha1-MIhNmOH2rzExGE4EHc/fagK1Dq8="
    },
    "errorhandler": {
      "version": "https://registry.npmjs.org/errorhandler/-/errorhandler-1.4.2.tgz",
      "integrity": "sha1-5R6/BKfmy4IgtBeA1leSXowCV6k="
    },
    "escape-html": {
      "version": "https://registry.npmjs.org/escape-html/-/escape-html-1.0.2.tgz",
      "integrity": "sha1-130y+pjjjC9BroXpJ44ODmuhAiw="
    },
    "esnextguardian": {
      "version": "https://registry.npmjs.org/esnextguardian/-/esnextguardian-1.2.0.tgz",
      "integrity": "sha1-T2ZuJqq8X7QUZKoZlNuRWdEBnS0="
    },
    "etag": {
      "version": "https://registry.npmjs.org/etag/-/etag-1.7.0.tgz",
      "integrity": "sha1-A9MLX2fdbmMtKUXTDWZScxo01dg="
    },
    "event-emitter-grouped": {
      "version": "https://registry.npmjs.org/event-emitter-grouped/-/event-emitter-grouped-2.4.3.tgz",
      "integrity": "sha1-o5kTiVnflbrLczdgbQCYyVw1KhU=",
      "dependencies": {
        "ambi": {
          "version": "https://registry.npmjs.org/ambi/-/ambi-2.2.0.tgz",
          "integrity": "sha1-L0O5EvujbJKIAvoiOilv/9b0Rm4="
        },
        "typechecker": {
          "version": "https://registry.npmjs.org/typechecker/-/typechecker-2.0.8.tgz",
          "integrity": "sha1-6D2oS7ZMWEzLNFg4V2xAsDN9uC4="
        }
      }
    },
    "express": {
      "version": "https://registry.npmjs.org/express/-/express-3.21.2.tgz",
      "integrity": "sha1-DCkD7lxU5j1lqWFwdkcDVQZlo94=",
      "dependencies": {
        "commander": {
          "version": "https://registry.npmjs.org/commander/-/commander-2.6.0.tgz",
          "integrity": "sha1-nfflL7Kgyw+4kFjugMMQQiXzfh0="
        }
      }
    },
    "express-session": {
      "version": "https://registry.npmjs.org/express-session/-/express-session-1.11.3.tgz",
      "integrity": "sha1-XMmPP1/4Ttg1+Ry/CqvQxxB0AK8="
    },
    "extend": {
      "version": "https://registry.npmjs.org/extend/-/extend-1.2.1.tgz",
      "integrity": "sha1-oPX9bPyDpf5J72mNYOyKYk3UV2w="
    },
    "extendr": {
      "version": "https://registry.npmjs.org/extendr/-/extendr-2.1.0.tgz",
      "integrity": "sha1-MBqgu+pWX00tyPVw8qImEahSe1Y=",
      "dependencies": {
        "typechecker": {
          "version": "https://registry.npmjs.org/typechecker/-/typechecker-2.0.8.tgz",
          "integrity": "sha1-6D2oS7ZMWEzLNFg4V2xAsDN9uC4="
        }
      }
    },
    "extract-opts": {
      "version": "https://registry.npmjs.org/extract-opts/-/extract-opts-3.0.1.tgz",
      "integrity": "sha1-Df2Ja7zojTgskjY+LJJoCK1Av30="
    },
    "finalhandler": {
      "version": "https://registry.npmjs.org/finalhandler/-/finalhandler-0.4.0.tgz",
      "integrity": "sha1-llpS2ejQXSuFdUhUH7ibU6JJfZs="
    },
    "form-data": {
      "version": "https://registry.npmjs.org/form-data/-/form-data-0.2.0.tgz",
      "integrity": "sha1-Jvi8JtpkQOKZy9z7aQNcT3em5GY=",
      "dependencies": {
        "mime-db": {
          "version": "https://registry.npmjs.org/mime-db/-/mime-db-1.12.0.tgz",
          "integrity": "sha1-PQxjGA9FjrENMlqqN9fFiuMS6dc="
        },
        "mime-types": {
          "version": "https://registry.npmjs.org/mime-types/-/mime-types-2.0.14.tgz",
          "integrity": "sha1-MQ4VnbI+B3+Lsit0jav6SVcUCqY="
        }
      }
    },
    "formidable": {
      "version": "https://registry.npmjs.org/formidable/-/formidable-1.0.14.tgz",
      "integrity": "sha1-Kz9MQRy7X91pXESEPiojUUpDIxo="
    },
    "forwarded": {
      "version": "https://registry.npmjs.org/forwarded/-/forwarded-0.1.0.tgz",
      "integrity": "sha1-Ge+YdMSuHCl7zweP3mOgm2aoQ2M="
    },
    "fresh": {
      "version": "https://registry.npmjs.org/fresh/-/fresh-0.3.0.tgz",
      "integrity": "sha1-ZR+DjiJCTnVm3hYdg1jKoZn4PU8="
    },
    "getmac": {
      "version": "https://registry.npmjs.org/getmac/-/getmac-1.0.7.tgz",
      "integrity": "sha1-lEYPl3hpjS4VmgPabBZWifIs3Wc=",
      "dependencies": {
        "extract-opts": {
          "version": "https://registry.npmjs.org/extract-opts/-/extract-opts-2.2.0.tgz",
          "integrity": "sha1-H6KOunNSxttID4hc63GkaBC+bX0="
        },
        "typechecker": {
          "version": "https://registry.npmjs.org/typechecker/-/typechecker-2.0.8.tgz",
          "integrity": "sha1-6D2oS7ZMWEzLNFg4V2xAsDN9uC4="
        }
      }
    },
    "glob": {
      "version": "https://registry.npmjs.org/glob/-/glob-6.0.3.tgz",
      "integrity": "sha1-XwLNiVh85YsVSuCFXeAqLmOYb8o="
    },
    "graceful-fs": {
      "version": "https://registry.npmjs.org/graceful-fs/-/graceful-fs-4.1.2.tgz",
      "integrity": "sha1-/iI5t1dJcuZ+QfgIgj+b+kqZHjc="
    },
    "graceful-readlink": {
      "version": "https://registry.npmjs.org/graceful-readlink/-/graceful-readlink-1.0.1.tgz",
      "integrity": "sha1-TK+tdrxi8C+gObL5Tpo906ORpyU="
    },
    "hostenv": {
      "version": "https://registry.npmjs.org/hostenv/-/hostenv-1.0.5.tgz",
      "integrity": "sha1-ZIH48QMVVfR2PfKC2HRIuScMOBI="
    },
    "http-errors": {
      "version": "https://registry.npmjs.org/http-errors/-/http-errors-1.3.1.tgz",
      "integrity": "sha1-GX4izevUGYWF6GlO9nhhl7ke2UI="
    },
    "iconv-lite": {
      "version": "https://registry.npmjs.org/iconv-lite/-/iconv-lite-0.4.13.tgz",
      "integrity": "sha1-H4irpKsLFQjoMSrMOTRfNumS4vI="
    },
    "ignorefs": {
      "version": "https://registry.npmjs.org/ignorefs/-/ignorefs-1.0.0.tgz",
      "integrity": "sha1-QOn+Xifxd7iPAlL6iGnbzhjvQno="
    },
    "ignorepatterns": {
      "version": "https://registry.npmjs.org/ignorepatterns/-/ignorepatterns-1.0.1.tgz",
      "integrity": "sha1-NPOeGlKP34tLS21ZNZypIfYUb6U="
    },
    "inflight": {
      "version": "https://registry.npmjs.org/inflight/-/inflight-1.0.4.tgz",
      "integrity": "sha1-bLtFIevVHODsCpNr/XZX736bFyo="
    },
    "inherits": {
      "version": "https://registry.npmjs.org/inherits/-/inherits-2.0.1.tgz",
      "integrity": "sha1-sX0I0ya0Qj5Wjv9xn5GwscvfafE="
    },
    "ipaddr.js": {
      "version": "https://registry.npmjs.org/ipaddr.js/-/ipaddr.js-1.0.5.tgz",
      "integrity": "sha1-X6eM8wG4JceKvDBC2BJyMEnqI8c="
    },
    "isarray": {
      "version": "https://registry.npmjs.org/isarray/-/isarray-0.0.1.tgz",
      "integrity": "sha1-ihis/Kmo9Bd+Cav8YDiTmwXR7t8="
    },
    "istextorbinary": {
      "version": "https://registry.npmjs.org/istextorbinary/-/istextorbinary-1.0.2.tgz",
      "integrity": "sha1-rOGTVNGpoBc+/rEITOD4ewrX3s8="
    },
    "jschardet": {
      "version": "https://registry.npmjs.org/jschardet/-/jschardet-1.3.0.tgz",
      "integrity": "sha1-dAxynak2L45cfm3P0cxq8TLvAo0="
    },
    "lazy-require": {
      "version": "https://registry.npmjs.org/lazy-require/-/lazy-require-2.1.2.tgz",
      "integrity": "sha1-y/sC/RcuNObRSUhko+UBNL/iL+E=",
      "dependencies": {
        "safefs": {
          "version": "https://registry.npmjs.org/safefs/-/safefs-4.0.1.tgz",
          "integrity": "sha1-nDDIZ2lRbk9jOU+B2ELx5TeniTM="
        },
        "safeps": {
          "version": "https://registry.npmjs.org/safeps/-/safeps-6.0.2.tgz",
          "integrity": "sha1-LnfH7Vu6NXmflWdRpJ26RR7VZrU="
        },
        "typechecker": {
          "version": "https://registry.npmjs.org/typechecker/-/typechecker-4.0.1.tgz",
          "integrity": "sha1-FPtiYSlcO24VJyaJJiAqiEyD0c8="
        }
      }
    },
    "marked": {
      "version": "https://registry.npmjs.org/marked/-/marked-0.3.5.tgz",
      "integrity": "sha1-QROhWsXXvKFYpargciRYe5+hW5Q="
    },
    "media-typer": {
      "version": "https://registry.npmjs.org/media-typer/-/media-typer-0.3.0.tgz",
      "integrity": "sha1-hxDXrwqmJvj/+hzgAWhUUmMlV0g="
    },
    "merge-descriptors": {
      "version": "https://registry.npmjs.org/merge-descriptors/-/merge-descriptors-1.0.0.tgz",
      "integrity": "sha1-IWnPdTjhsMyH+4jhUC2EdLv3mGQ="
    },
    "method-override": {
      "version": "https://registry.npmjs.org/method-override/-/method-override-2.3.5.tgz",
      "integrity": "sha1-LNXNv/AMNnPXrjRRGagSpdlbjI4="
    },
    "methods": {
      "version": "https://registry.npmjs.org/methods/-/methods-1.1.1.tgz",
      "integrity": "sha1-F+pjZgZtAMWON1uOx9/QRTyJgio="
    },
    "mime": {
      "version": "https://registry.npmjs.org/mime/-/mime-1.3.4.tgz",
      "integrity": "sha1-EV+eO2s9rylZmDyzjxSaLUDrXVM="
    },
    "mime-db": {
      "version": "https://registry.npmjs.org/mime-db/-/mime-db-1.20.0.tgz",
      "integrity": "sha1-SW+Q/QH+DgMciCPsOqlFD/2hjtg="
    },
    "mime-types": {
      "version": "https://registry.npmjs.org/mime-types/-/mime-types-2.1.8.tgz",
      "integrity": "sha1-+vV4I94EvHy/9O6CxrY5RugSrnI="
    },
    "minimatch": {
      "version": "https://registry.npmjs.org/minimatch/-/minimatch-3.0.0.tgz",
      "integrity": "sha1-UjYVelHk8ATBd/s8Un/33Xjw74M="
    },
    "minimist": {
      "version": "https://registry.npmjs.org/minimist/-/minimist-0.0.8.tgz",
      "integrity": "sha1-hX/Kv8M5fSYluCKCYuhqp6ARsF0="
    },
    "mkdirp": {
      "version": "https://registry.npmjs.org/mkdirp/-/mkdirp-0.5.1.tgz",
      "integrity": "sha1-MAV0OOrGz3+MR2fzhkjWaX11yQM="
    },
    "moment": {
      "version": "https://registry.npmjs.org/moment/-/moment-2.11.0.tgz",
      "integrity": "sha1-WE9fuHwfY38Sk37c4Sfd4tIG1wU="
    },
    "morgan": {
      "version": "https://registry.npmjs.org/morgan/-/morgan-1.6.1.tgz",
      "integrity": "sha1-X9gYOYxoGcuiinzWZk8pL+HAu/I="
    },
    "ms": {
      "version": "https://registry.npmjs.org/ms/-/ms-0.7.1.tgz",
      "integrity": "sha1-nNE8A62/8ltl7/3nzoZO6VIBcJg="
    },
    "multiparty": {
      "version": "https://registry.npmjs.org/multiparty/-/multiparty-3.3.2.tgz",
      "integrity": "sha1-Nd5oBNwZZD5SSfPT473GyM4wHT8="
    },
    "mute-stream": {
      "version": "https://registry.npmjs.org/mute-stream/-/mute-stream-0.0.5.tgz",
      "integrity": "sha1-j7+rsKmKJT0xhDMfno3rc3L6xsA="
    },
    "negotiator": {
      "version": "https://registry.npmjs.org/negotiator/-/negotiator-0.5.3.tgz",
      "integrity": "sha1-Jp1cR2gQ7JLtvntsLygxY4T5p+g="
    },
    "on-finished": {
      "version": "https://registry.npmjs.org/on-finished/-/on-finished-2.3.0.tgz",
      "integrity": "sha1-IPEzZIGwg811M3mSoWlxqi2QaUc="
    },
    "on-headers": {
      "version": "https://registry.npmjs.org/on-headers/-/on-headers-1.0.1.tgz",
      "integrity": "sha1-ko9dD0cNSTQmUepnlLCFfBAGk/c="
    },
    "once": {
      "version": "https://registry.npmjs.org/once/-/once-1.3.3.tgz",
      "integrity": "sha1-suJhVXzkwxTsgwTz+oJmPkKXyiA="
    },
    "parseurl": {
      "version": "https://registry.npmjs.org/parseurl/-/parseurl-1.3.0.tgz",
      "integrity": "sha1-tYBG20Ij4UWvp2AJ5hush8wigbM="
    },
    "path-is-absolute": {
      "version": "https://registry.npmjs.org/path-is-absolute/-/path-is-absolute-1.0.0.tgz",
      "integrity": "sha1-Jj2tpmqz8vsQv3+dJN2PPlcO+RI="
    },
    "pause": {
      "version": "https://registry.npmjs.org/pause/-/pause-0.1.0.tgz",
      "integrity": "sha1-68ikqGGf8LioGsFRPDQ0/0af23Q="
    },
    "progress": {
      "version": "https://registry.npmjs.org/progress/-/progress-1.1.2.tgz",
      "integrity": "sha1-h/28fHanhAIIl7XpZlVUsF/FjNE="
    },
    "progressbar": {
      "version": "https://registry.npmjs.org/progressbar/-/progressbar-1.0.3.tgz",
      "integrity": "sha1-wFn/pwcyNDsQd9yj5VGURFsnhiA="
    },
    "promptly": {
      "version": "https://registry.npmjs.org/promptly/-/promptly-0.2.1.tgz",
      "integrity": "sha1-ZETnyk29mJnn7rXsOSKCfr3CKzs="
    },
    "proxy-addr": {
      "version": "https://registry.npmjs.org/proxy-addr/-/proxy-addr-1.0.10.tgz",
      "integrity": "sha1-DUCoL4Afw1VWfS7LZe/j8HfxIcU="
    },
    "qs": {
      "version": "https://registry.npmjs.org/qs/-/qs-4.0.0.tgz",
      "integrity": "sha1-wx2bdOwn33XlQ6hseHKO2NRiNgc="
    },
    "query-engine": {
      "version": "https://registry.npmjs.org/query-engine/-/query-engine-1.5.7.tgz",
      "integrity": "sha1-AepGbRPBxXA0OxfXAGy6bhw6ars="
    },
    "range-parser": {
      "version": "https://registry.npmjs.org/range-parser/-/range-parser-1.0.3.tgz",
      "integrity": "sha1-aHKCNTXGkuLCoBA4Jq/YLC4P8XU="
    },
    "raw-body": {
      "version": "https://registry.npmjs.org/raw-body/-/raw-body-2.1.5.tgz",
      "integrity": "sha1-i+jwnd79DXKtmdiDq38Mw1BCCVY=",
      "dependencies": {
        "bytes": {
          "version": "https://registry.npmjs.org/bytes/-/bytes-2.2.0.tgz",
          "integrity": "sha1-/TVGSkA/b5EXwt42Cez/nK4ABYg="
        }
      }
    },
    "read": {
      "version": "https://registry.npmjs.org/read/-/read-1.0.7.tgz",
      "integrity": "sha1-s9oZvQUkMal2cdRKQmNK33ELQMQ="
    },
    "readable-stream": {
      "version": "https://registry.npmjs.org/readable-stream/-/readable-stream-1.1.13.tgz",
      "integrity": "sha1-9u73ZPUUyJ4rniMUanW6EGdW0j4="
    },
    "reduce-component": {
      "version": "https://registry.npmjs.org/reduce-component/-/reduce-component-1.0.1.tgz",
      "integrity": "sha1-4Mk1QsV0UhvqE98PlIjtgqt3xdo="
    },
    "requirefresh": {
      "version": "https://registry.npmjs.org/requirefresh/-/requirefresh-2.0.0.tgz",
      "integrity": "sha1-N2fKoyLg4qhqPZfuM5B6xsoYtfs="
    },
    "response-time": {
      "version": "https://registry.npmjs.org/response-time/-/response-time-2.3.1.tgz",
      "integrity": "sha1-K94ZGB3myBq5XjIHoo1h2WWzF5c="
    },
    "rimraf": {
      "version": "https://registry.npmjs.org/rimraf/-/rimraf-2.5.0.tgz",
      "integrity": "sha1-MMCWzfdy4mvz4dLP+EwhllQam7Y="
    },
    "rndm": {
      "version": "https://registry.npmjs.org/rndm/-/rndm-1.1.1.tgz",
      "integrity": "sha1-7870N0Ah94tj3mImtZhRICadZPE="
    },
    "rss": {
      "version": "https://registry.npmjs.org/rss/-/rss-1.2.1.tgz",
      "integrity": "sha1-pSZx6jWnPvlptmAmuKLwZTJhvEY="
    },
    "safefs": {
      "version": "https://registry.npmjs.org/safefs/-/safefs-3.2.2.tgz",
      "integrity": "sha1-gXDBRE1wOOCMrqBaN0+uL6NJ4Vw="
    },
    "safeps": {
      "version": "https://registry.npmjs.org/safeps/-/safeps-5.1.0.tgz",
      "integrity": "sha1-iyyRBCkqaaIWhzY/BWpQCRYZK2s="
    },
    "sax": {
      "version": "https://registry.npmjs.org/sax/-/sax-1.1.4.tgz",
      "integrity": "sha1-dLbTPJrh4AFRDxeakRaFiPGu2qk="
    },
    "scandirectory": {
      "version": "https://registry.npmjs.org/scandirectory/-/scandirectory-2.5.0.tgz",
      "integrity": "sha1-bOA/VKCQtmjjy+2/IO354xBZPnI="
    },
    "scmp": {
      "version": "https://registry.npmjs.org/scmp/-/scmp-1.0.0.tgz",
      "integrity": "sha1-oLJyw/xykvdxFWRvAGGLAmJRTgQ="
    },
    "semver": {
      "version": "https://registry.npmjs.org/semver/-/semver-5.1.0.tgz",
      "integrity": "sha1-hfLPhVBGXE3wAM99hvawVBBqueU="
    },
    "send": {
      "version": "https://registry.npmjs.org/send/-/send-0.13.0.tgz",
      "integrity": "sha1-UY+SGusFYK7H3KspkLFM9vPM5d4="
    },
    "serve-favicon": {
      "version": "https://registry.npmjs.org/serve-favicon/-/serve-favicon-2.3.0.tgz",
      "integrity": "sha1-rtNsxoNAaabxicxyIsahqBHcWzk="
    },
    "serve-index": {
      "version": "https://registry.npmjs.org/serve-index/-/serve-index-1.7.2.tgz",
      "integrity": "sha1-mhVdnE+dOR5GOXDntOsWx2chQcA="
    },
    "serve-static": {
      "version": "https://registry.npmjs.org/serve-static/-/serve-static-1.10.0.tgz",
      "integrity": "sha1-vmMvqmhYIOSkPtPfE3kTXMTzcNc="
    },
    "statuses": {
      "version": "https://registry.npmjs.org/statuses/-/statuses-1.2.1.tgz",
      "integrity": "sha1-3e1FzBglbVHtQK7BQkidXGECbSg="
    },
    "stream-counter": {
      "version": "https://registry.npmjs.org/stream-counter/-/stream-counter-0.2.0.tgz",
      "integrity": "sha1-3tJmVWMZyLDiIoErnPOyb6fZR94="
    },
    "string_decoder": {
      "version": "https://registry.npmjs.org/string_decoder/-/string_decoder-0.10.31.tgz",
      "integrity": "sha1-YuIDvEF2bGwoyfyEMB2rHFMQ+pQ="
    },
    "strscan": {
      "version": "https://registry.npmjs.org/strscan/-/strscan-1.0.1.tgz",
      "integrity": "sha1-Ry2bwAxo6QbvL8Is33Yr58YazE0="
    },
    "sunny": {
      "version": "https://registry.npmjs.org/sunny/-/sunny-0.0.5.tgz",
      "integrity": "sha1-YpYDJMdSDuYrNMxyXxrlgFebvzE="
    },
    "superagent": {
      "version": "https://registry.npmjs.org/superagent/-/superagent-1.6.1.tgz",
      "integrity": "sha1-Uro9ICNiySYKKP/7qqQzb+QFrpk=",
      "dependencies": {
        "methods": {
          "version": "https://registry.npmjs.org/methods/-/methods-1.0.1.tgz",
          "integrity": "sha1-dbyRlD3/19oDfPPusO1zoAN80Us="
        },
        "qs": {
          "version": "https://registry.npmjs.org/qs/-/qs-2.3.3.tgz",
          "integrity": "sha1-6eha2+ddoLvkyOBHaghikPhjtAQ="
        },
        "readable-stream": {
          "version": "https://registry.npmjs.org/readable-stream/-/readable-stream-1.0.27-1.tgz",
          "integrity": "sha1-a2eYPCA1fO/QfwFlABoW1xDZEHg="
        }
      }
    },
    "taskgroup": {
      "version": "https://registry.npmjs.org/taskgroup/-/taskgroup-4.3.1.tgz",
      "integrity": "sha1-feGT/r12gnPEV3MElwJNUSwnkVo="
    },
    "textextensions": {
      "version": "https://registry.npmjs.org/textextensions/-/textextensions-1.0.1.tgz",
      "integrity": "sha1-Nr8RebNinaZrWqacLgm6s5ViSIU="
    },
    "type-is": {
      "version": "https://registry.npmjs.org/type-is/-/type-is-1.6.10.tgz",
      "integrity": "sha1-0n6ZWyDYwqVD80IFc/aQo5Kf11o="
    },
    "typechecker": {
      "version": "https://registry.npmjs.org/typechecker/-/typechecker-2.1.0.tgz",
      "integrity": "sha1-0cIJOlT/ihn1jP+HfuqlTyJC04M="
    },
    "uid-safe": {
      "version": "https://registry.npmjs.org/uid-safe/-/uid-safe-2.0.0.tgz",
      "integrity": "sha1-p/PGymSh9qXQTsDvPkw9U2cxcTc="
    },
    "underscore": {
      "version": "https://registry.npmjs.org/underscore/-/underscore-1.8.3.tgz",
      "integrity": "sha1-Tz+1OxBuYJf8+ctBCfKl6b36UCI="
    },
    "underscore.string": {
      "version": "https://registry.npmjs.org/underscore.string/-/underscore.string-2.4.0.tgz",
      "integrity": "sha1-jN2PusTi0uoefi6Al8QvRCKA+Fs="
    },
    "unpipe": {
      "version": "https://registry.npmjs.org/unpipe/-/unpipe-1.0.0.tgz",
      "integrity": "sha1-sr9O6FFKrmFltIF4KdIbLvSZBOw="
    },
    "url-join": {
      "version": "1.1.0",
      "resolved": "https://registry.npmjs.org/url-join/-/url-join-1.1.0.tgz",
      "integrity": "sha1-dBxsL0WWxIMNZxhGCSDQySIC3Hg="
    },
    "utils-merge": {
      "version": "https://registry.npmjs.org/utils-merge/-/utils-merge-1.0.0.tgz",
      "integrity": "sha1-ApT7kiu5N1FTVBxPcJYjHyh8ivg="
    },
    "vary": {
      "version": "https://registry.npmjs.org/vary/-/vary-1.0.1.tgz",
      "integrity": "sha1-meSYFWaihhGN+yuBc1ffeZM3bRA="
    },
    "vhost": {
      "version": "https://registry.npmjs.org/vhost/-/vhost-3.0.2.tgz",
      "integrity": "sha1-L7HezUxGaqiLD5NBrzPcGv8keNU="
    },
    "watchr": {
      "version": "https://registry.npmjs.org/watchr/-/watchr-2.4.13.tgz",
      "integrity": "sha1-10hHu01vkPYf4sdPn2hmKqDgdgE=",
      "dependencies": {
        "extract-opts": {
          "version": "https://registry.npmjs.org/extract-opts/-/extract-opts-2.2.0.tgz",
          "integrity": "sha1-H6KOunNSxttID4hc63GkaBC+bX0=",
          "dependencies": {
            "typechecker": {
              "version": "https://registry.npmjs.org/typechecker/-/typechecker-2.0.8.tgz",
              "integrity": "sha1-6D2oS7ZMWEzLNFg4V2xAsDN9uC4="
            }
          }
        }
      }
    },
    "wrappy": {
      "version": "https://registry.npmjs.org/wrappy/-/wrappy-1.0.1.tgz",
      "integrity": "sha1-HmWWmWXMvC20VIxrhKbyxa7dRzk="
    },
    "xml": {
      "version": "https://registry.npmjs.org/xml/-/xml-1.0.0.tgz",
      "integrity": "sha1-3j7pEkd74vJQtg9hLzSoxNphbv4="
    },
    "xml2js": {
      "version": "https://registry.npmjs.org/xml2js/-/xml2js-0.1.9.tgz",
      "integrity": "sha1-wm/Qgm4Bor5xEHSKNPD4OFvkWfE="
    },
    "yamljs": {
      "version": "https://registry.npmjs.org/yamljs/-/yamljs-0.2.4.tgz",
      "integrity": "sha1-mMNIdiJ6Bv14bID3fUgDbVnGfco=",
      "dependencies": {
        "glob": {
          "version": "https://registry.npmjs.org/glob/-/glob-4.5.3.tgz",
          "integrity": "sha1-xstz0yJsHv7wTePFbQEvAzd+4V8="
        },
        "minimatch": {
          "version": "https://registry.npmjs.org/minimatch/-/minimatch-2.0.10.tgz",
          "integrity": "sha1-jQh8OcazjAAbl/ynzm0OHoCvusc="
        }
      }
    }
  }
}
